
Microsoft Visual Studio Solution File, Format Version 11.00
# Visual Studio 2010
Project("{FAE04EC0-301F-11D3-BF4B-00C04F79EFBC}") = "Elementary2", "Elementary2\Elementary2.csproj", "{E0642496-D2E6-466E-910B-58DD8D17FF19}"
EndProject
Global
	GlobalSection(SolutionConfigurationPlatforms) = preSolution
		Debug|x86 = Debug|x86
		Release|x86 = Release|x86
	EndGlobalSection
	GlobalSection(ProjectConfigurationPlatforms) = postSolution
		{E0642496-D2E6-466E-910B-58DD8D17FF19}.Debug|x86.ActiveCfg = Debug|x86
		{E0642496-D2E6-466E-910B-58DD8D17FF19}.Debug|x86.Build.0 = Debug|x86
		{E0642496-D2E6-466E-910B-58DD8D17FF19}.Release|x86.ActiveCfg = Release|x86
		{E0642496-D2E6-466E-910B-58DD8D17FF19}.Release|x86.Build.0 = Release|x86
	EndGlobalSection
	GlobalSection(MonoDevelopProperties) = preSolution
		StartupItem = Elementary2\Elementary2.csproj
	EndGlobalSection
EndGlobal
