
Microsoft Visual Studio Solution File, Format Version 11.00
# Visual Studio 2010
Project("{FAE04EC0-301F-11D3-BF4B-00C04F79EFBC}") = "Elementary7", "Elementary7\Elementary7.csproj", "{F79C0881-CA85-4F04-BA62-892BE58BDD80}"
EndProject
Global
	GlobalSection(SolutionConfigurationPlatforms) = preSolution
		Debug|x86 = Debug|x86
		Release|x86 = Release|x86
	EndGlobalSection
	GlobalSection(ProjectConfigurationPlatforms) = postSolution
		{F79C0881-CA85-4F04-BA62-892BE58BDD80}.Debug|x86.ActiveCfg = Debug|x86
		{F79C0881-CA85-4F04-BA62-892BE58BDD80}.Debug|x86.Build.0 = Debug|x86
		{F79C0881-CA85-4F04-BA62-892BE58BDD80}.Release|x86.ActiveCfg = Release|x86
		{F79C0881-CA85-4F04-BA62-892BE58BDD80}.Release|x86.Build.0 = Release|x86
	EndGlobalSection
	GlobalSection(MonoDevelopProperties) = preSolution
		StartupItem = Elementary7\Elementary7.csproj
	EndGlobalSection
EndGlobal
